PODS:
  - Firebase/Analytics (6.33.0):
    - Firebase/Core
  - Firebase/Auth (6.33.0):
    - Firebase/CoreOnly
    - FirebaseAuth (~> 6.9.2)
  - Firebase/Core (6.33.0):
    - Firebase/CoreOnly
    - FirebaseAnalytics (= 6.8.3)
  - Firebase/CoreOnly (6.33.0):
    - FirebaseCore (= 6.10.3)
  - firebase_analytics (7.1.1):
    - Firebase/Analytics (= 6.33.0)
    - firebase_core
    - Flutter
  - firebase_auth (1.0.1):
    - Firebase/Auth (= 6.33.0)
    - firebase_core
    - Flutter
  - firebase_core (1.0.2):
    - Firebase/CoreOnly (= 6.33.0)
    - Flutter
  - FirebaseAnalytics (6.8.3):
    - FirebaseCore (~> 6.10)
    - FirebaseInstallations (~> 1.6)
    - GoogleAppMeasurement (= 6.8.3)
    - GoogleUtilities/AppDelegateSwizzler (~> 6.7)
    - GoogleUtilities/MethodSwizzler (~> 6.7)
    - GoogleUtilities/Network (~> 6.7)
    - "GoogleUtilities/NSData+zlib (~> 6.7)"
    - nanopb (~> 1.30906.0)
  - FirebaseAuth (6.9.2):
    - FirebaseCore (~> 6.10)
    - GoogleUtilities/AppDelegateSwizzler (~> 6.7)
    - GoogleUtilities/Environment (~> 6.7)
    - GTMSessionFetcher/Core (~> 1.1)
  - FirebaseCore (6.10.3):
    - FirebaseCoreDiagnostics (~> 1.6)
    - GoogleUtilities/Environment (~> 6.7)
    - GoogleUtilities/Logger (~> 6.7)
  - FirebaseCoreDiagnostics (1.7.0):
    - GoogleDataTransport (~> 7.4)
    - GoogleUtilities/Environment (~> 6.7)
    - GoogleUtilities/Logger (~> 6.7)
    - nanopb (~> 1.30906.0)
  - FirebaseInstallations (1.7.0):
    - FirebaseCore (~> 6.10)
    - GoogleUtilities/Environment (~> 6.7)
    - GoogleUtilities/UserDefaults (~> 6.7)
    - PromisesObjC (~> 1.2)
  - Flutter (1.0.0)
  - GoogleAppMeasurement (6.8.3):
    - GoogleUtilities/AppDelegateSwizzler (~> 6.7)
    - GoogleUtilities/MethodSwizzler (~> 6.7)
    - GoogleUtilities/Network (~> 6.7)
    - "GoogleUtilities/NSData+zlib (~> 6.7)"
    - nanopb (~> 1.30906.0)
  - GoogleDataTransport (7.5.1):
    - nanopb (~> 1.30906.0)
  - GoogleUtilities/AppDelegateSwizzler (6.7.2):
    - GoogleUtilities/Environment
    - GoogleUtilities/Logger
    - GoogleUtilities/Network
  - GoogleUtilities/Environment (6.7.2):
    - PromisesObjC (~> 1.2)
  - GoogleUtilities/Logger (6.7.2):
    - GoogleUtilities/Environment
  - GoogleUtilities/MethodSwizzler (6.7.2):
    - GoogleUtilities/Logger
  - GoogleUtilities/Network (6.7.2):
    - GoogleUtilities/Logger
    - "GoogleUtilities/NSData+zlib"
    - GoogleUtilities/Reachability
  - "GoogleUtilities/NSData+zlib (6.7.2)"
  - GoogleUtilities/Reachability (6.7.2):
    - GoogleUtilities/Logger
  - GoogleUtilities/UserDefaults (6.7.2):
    - GoogleUtilities/Logger
  - GTMSessionFetcher/Core (1.5.0)
  - nanopb (1.30906.0):
    - nanopb/decode (= 1.30906.0)
    - nanopb/encode (= 1.30906.0)
  - nanopb/decode (1.30906.0)
  - nanopb/encode (1.30906.0)
  - PromisesObjC (1.2.12)
  - shared_preferences (0.0.1):
    - Flutter

DEPENDENCIES:
  - firebase_analytics (from `.symlinks/plugins/firebase_analytics/ios`)
  - firebase_auth (from `.symlinks/plugins/firebase_auth/ios`)
  - firebase_core (from `.symlinks/plugins/firebase_core/ios`)
  - Flutter (from `Flutter`)
  - shared_preferences (from `.symlinks/plugins/shared_preferences/ios`)

SPEC REPOS:
  trunk:
    - Firebase
    - FirebaseAnalytics
    - FirebaseAuth
    - FirebaseCore
    - FirebaseCoreDiagnostics
    - FirebaseInstallations
    - GoogleAppMeasurement
    - GoogleDataTransport
    - GoogleUtilities
    - GTMSessionFetcher
    - nanopb
    - PromisesObjC

EXTERNAL SOURCES:
  firebase_analytics:
    :path: ".symlinks/plugins/firebase_analytics/ios"
  firebase_auth:
    :path: ".symlinks/plugins/firebase_auth/ios"
  firebase_core:
    :path: ".symlinks/plugins/firebase_core/ios"
  Flutter:
    :path: Flutter
  shared_preferences:
    :path: ".symlinks/plugins/shared_preferences/ios"

SPEC CHECKSUMS:
  Firebase: 8db6f2d1b2c5e2984efba4949a145875a8f65fe5
  firebase_analytics: b06ede40b41d638f0e71ebaf095d337ddfdb3e02
  firebase_auth: 0892178ed6b804a327c0d937afedea4e0cb9fc9b
  firebase_core: 95df1196d3bb4ed7c9063fb73251da4b728b8de8
  FirebaseAnalytics: 5dd088bd2e67bb9d13dbf792d1164ceaf3052193
  FirebaseAuth: c92d49ada7948d1a23466e3db17bc4c2039dddc3
  FirebaseCore: d889d9e12535b7f36ac8bfbf1713a0836a3012cd
  FirebaseCoreDiagnostics: 770ac5958e1372ce67959ae4b4f31d8e127c3ac1
  FirebaseInstallations: 466c7b4d1f58fe16707693091da253726a731ed2
  Flutter: 434fef37c0980e73bb6479ef766c45957d4b510c
  GoogleAppMeasurement: 966e88df9d19c15715137bb2ddaf52373f111436
  GoogleDataTransport: f56af7caa4ed338dc8e138a5d7c5973e66440833
  GoogleUtilities: 7f2f5a07f888cdb145101d6042bc4422f57e70b3
  GTMSessionFetcher: b3503b20a988c4e20cc189aa798fd18220133f52
  nanopb: 59317e09cf1f1a0af72f12af412d54edf52603fc
  PromisesObjC: 3113f7f76903778cf4a0586bd1ab89329a0b7b97
  shared_preferences: af6bfa751691cdc24be3045c43ec037377ada40d

PODFILE CHECKSUM: b332a45649ac9a00695f0b2c629225f4ba87e344

COCOAPODS: 1.10.1
